
Microsoft Visual Studio Solution File, Format Version 12.00
# Visual Studio 2013
VisualStudioVersion = 12.0.31101.0
MinimumVisualStudioVersion = 10.0.40219.1
Project("{8BC9CEB8-8B4A-11D0-8D11-00A0C91BC942}") = "svt", "svt\svt.vcxproj", "{9DD2CFF4-0A26-4D78-BF0F-3FBF25222870}"
EndProject
Project("{8BC9CEB8-8B4A-11D0-8D11-00A0C91BC942}") = "pvt", "pvt\pvt.vcxproj", "{5CB6B5EE-2013-419D-832D-17A1731E71B0}"
EndProject
Project("{8BC9CEB8-8B4A-11D0-8D11-00A0C91BC942}") = "persistence", "persistence\persistence.vcxproj", "{847427C1-CDD5-4505-968E-BB6D93CBF579}"
EndProject
Project("{8BC9CEB8-8B4A-11D0-8D11-00A0C91BC942}") = "pofr", "pofr\pofr.vcxproj", "{80795497-993C-455E-AA1E-E5CCE1944282}"
EndProject
Project("{8BC9CEB8-8B4A-11D0-8D11-00A0C91BC942}") = "shift2com", "shift2com\shift2com.vcxproj", "{0644D74A-AC12-49D4-B321-3F6F3AD7A252}"
EndProject
Project("{8BC9CEB8-8B4A-11D0-8D11-00A0C91BC942}") = "sxyzc", "sxyzc\sxyzc.vcxproj", "{E512D384-C9F0-450D-B6C7-C385F5655B02}"
EndProject
Project("{8BC9CEB8-8B4A-11D0-8D11-00A0C91BC942}") = "follow", "follow\follow.vcxproj", "{3F4848A5-D0AD-43CC-82DF-CB2EAE2C532A}"
EndProject
Project("{8BC9CEB8-8B4A-11D0-8D11-00A0C91BC942}") = "gcorr", "gcorr\gcorr.vcxproj", "{97216609-435C-45D0-AF00-C8A01D55FAA1}"
EndProject
Project("{8BC9CEB8-8B4A-11D0-8D11-00A0C91BC942}") = "gofr", "gofr\gofr.vcxproj", "{A30CE583-52BA-4D89-8182-4867D8CD1987}"
EndProject
Project("{8BC9CEB8-8B4A-11D0-8D11-00A0C91BC942}") = "gtcorr", "gtcorr\gtcorr.vcxproj", "{A6A034EB-4B56-47F3-9892-C25A42D0D157}"
EndProject
Project("{8BC9CEB8-8B4A-11D0-8D11-00A0C91BC942}") = "highlight", "highlight\highlight.vcxproj", "{4FFBB627-A337-463A-9112-39E849CD68FE}"
EndProject
Project("{8BC9CEB8-8B4A-11D0-8D11-00A0C91BC942}") = "histo", "histo\histo.vcxproj", "{AB2627ED-27A5-403A-BBF9-34201E40F9D0}"
EndProject
Project("{8BC9CEB8-8B4A-11D0-8D11-00A0C91BC942}") = "momentum_space", "momentum_space\momentum_space.vcxproj", "{D41558C3-FAEF-4F86-9AB2-021056028FF0}"
EndProject
Project("{8BC9CEB8-8B4A-11D0-8D11-00A0C91BC942}") = "svden", "svden\svden.vcxproj", "{1E68B293-C141-416E-AC98-4B8813F318A3}"
EndProject
Project("{8BC9CEB8-8B4A-11D0-8D11-00A0C91BC942}") = "varden", "varden\varden.vcxproj", "{1FF316A2-DDFC-4B73-821B-50D00B465337}"
EndProject
Global
	GlobalSection(SolutionConfigurationPlatforms) = preSolution
		Debug|Win32 = Debug|Win32
		Debug|x64 = Debug|x64
		Release|Win32 = Release|Win32
		Release|x64 = Release|x64
	EndGlobalSection
	GlobalSection(ProjectConfigurationPlatforms) = postSolution
		{9DD2CFF4-0A26-4D78-BF0F-3FBF25222870}.Debug|Win32.ActiveCfg = Debug|Win32
		{9DD2CFF4-0A26-4D78-BF0F-3FBF25222870}.Debug|Win32.Build.0 = Debug|Win32
		{9DD2CFF4-0A26-4D78-BF0F-3FBF25222870}.Debug|x64.ActiveCfg = Debug|x64
		{9DD2CFF4-0A26-4D78-BF0F-3FBF25222870}.Debug|x64.Build.0 = Debug|x64
		{9DD2CFF4-0A26-4D78-BF0F-3FBF25222870}.Release|Win32.ActiveCfg = Release|Win32
		{9DD2CFF4-0A26-4D78-BF0F-3FBF25222870}.Release|Win32.Build.0 = Release|Win32
		{9DD2CFF4-0A26-4D78-BF0F-3FBF25222870}.Release|x64.ActiveCfg = Release|x64
		{9DD2CFF4-0A26-4D78-BF0F-3FBF25222870}.Release|x64.Build.0 = Release|x64
		{5CB6B5EE-2013-419D-832D-17A1731E71B0}.Debug|Win32.ActiveCfg = Debug|Win32
		{5CB6B5EE-2013-419D-832D-17A1731E71B0}.Debug|Win32.Build.0 = Debug|Win32
		{5CB6B5EE-2013-419D-832D-17A1731E71B0}.Debug|x64.ActiveCfg = Debug|x64
		{5CB6B5EE-2013-419D-832D-17A1731E71B0}.Debug|x64.Build.0 = Debug|x64
		{5CB6B5EE-2013-419D-832D-17A1731E71B0}.Release|Win32.ActiveCfg = Release|Win32
		{5CB6B5EE-2013-419D-832D-17A1731E71B0}.Release|Win32.Build.0 = Release|Win32
		{5CB6B5EE-2013-419D-832D-17A1731E71B0}.Release|x64.ActiveCfg = Release|x64
		{5CB6B5EE-2013-419D-832D-17A1731E71B0}.Release|x64.Build.0 = Release|x64
		{847427C1-CDD5-4505-968E-BB6D93CBF579}.Debug|Win32.ActiveCfg = Debug|Win32
		{847427C1-CDD5-4505-968E-BB6D93CBF579}.Debug|Win32.Build.0 = Debug|Win32
		{847427C1-CDD5-4505-968E-BB6D93CBF579}.Debug|x64.ActiveCfg = Debug|x64
		{847427C1-CDD5-4505-968E-BB6D93CBF579}.Debug|x64.Build.0 = Debug|x64
		{847427C1-CDD5-4505-968E-BB6D93CBF579}.Release|Win32.ActiveCfg = Release|Win32
		{847427C1-CDD5-4505-968E-BB6D93CBF579}.Release|Win32.Build.0 = Release|Win32
		{847427C1-CDD5-4505-968E-BB6D93CBF579}.Release|x64.ActiveCfg = Release|x64
		{847427C1-CDD5-4505-968E-BB6D93CBF579}.Release|x64.Build.0 = Release|x64
		{80795497-993C-455E-AA1E-E5CCE1944282}.Debug|Win32.ActiveCfg = Debug|Win32
		{80795497-993C-455E-AA1E-E5CCE1944282}.Debug|Win32.Build.0 = Debug|Win32
		{80795497-993C-455E-AA1E-E5CCE1944282}.Debug|x64.ActiveCfg = Debug|x64
		{80795497-993C-455E-AA1E-E5CCE1944282}.Debug|x64.Build.0 = Debug|x64
		{80795497-993C-455E-AA1E-E5CCE1944282}.Release|Win32.ActiveCfg = Release|Win32
		{80795497-993C-455E-AA1E-E5CCE1944282}.Release|Win32.Build.0 = Release|Win32
		{80795497-993C-455E-AA1E-E5CCE1944282}.Release|x64.ActiveCfg = Release|x64
		{80795497-993C-455E-AA1E-E5CCE1944282}.Release|x64.Build.0 = Release|x64
		{0644D74A-AC12-49D4-B321-3F6F3AD7A252}.Debug|Win32.ActiveCfg = Debug|Win32
		{0644D74A-AC12-49D4-B321-3F6F3AD7A252}.Debug|Win32.Build.0 = Debug|Win32
		{0644D74A-AC12-49D4-B321-3F6F3AD7A252}.Debug|x64.ActiveCfg = Debug|x64
		{0644D74A-AC12-49D4-B321-3F6F3AD7A252}.Debug|x64.Build.0 = Debug|x64
		{0644D74A-AC12-49D4-B321-3F6F3AD7A252}.Release|Win32.ActiveCfg = Release|Win32
		{0644D74A-AC12-49D4-B321-3F6F3AD7A252}.Release|Win32.Build.0 = Release|Win32
		{0644D74A-AC12-49D4-B321-3F6F3AD7A252}.Release|x64.ActiveCfg = Release|x64
		{0644D74A-AC12-49D4-B321-3F6F3AD7A252}.Release|x64.Build.0 = Release|x64
		{E512D384-C9F0-450D-B6C7-C385F5655B02}.Debug|Win32.ActiveCfg = Debug|Win32
		{E512D384-C9F0-450D-B6C7-C385F5655B02}.Debug|Win32.Build.0 = Debug|Win32
		{E512D384-C9F0-450D-B6C7-C385F5655B02}.Debug|x64.ActiveCfg = Debug|x64
		{E512D384-C9F0-450D-B6C7-C385F5655B02}.Debug|x64.Build.0 = Debug|x64
		{E512D384-C9F0-450D-B6C7-C385F5655B02}.Release|Win32.ActiveCfg = Release|Win32
		{E512D384-C9F0-450D-B6C7-C385F5655B02}.Release|Win32.Build.0 = Release|Win32
		{E512D384-C9F0-450D-B6C7-C385F5655B02}.Release|x64.ActiveCfg = Release|x64
		{E512D384-C9F0-450D-B6C7-C385F5655B02}.Release|x64.Build.0 = Release|x64
		{3F4848A5-D0AD-43CC-82DF-CB2EAE2C532A}.Debug|Win32.ActiveCfg = Debug|Win32
		{3F4848A5-D0AD-43CC-82DF-CB2EAE2C532A}.Debug|Win32.Build.0 = Debug|Win32
		{3F4848A5-D0AD-43CC-82DF-CB2EAE2C532A}.Debug|x64.ActiveCfg = Debug|x64
		{3F4848A5-D0AD-43CC-82DF-CB2EAE2C532A}.Debug|x64.Build.0 = Debug|x64
		{3F4848A5-D0AD-43CC-82DF-CB2EAE2C532A}.Release|Win32.ActiveCfg = Release|Win32
		{3F4848A5-D0AD-43CC-82DF-CB2EAE2C532A}.Release|Win32.Build.0 = Release|Win32
		{3F4848A5-D0AD-43CC-82DF-CB2EAE2C532A}.Release|x64.ActiveCfg = Release|x64
		{3F4848A5-D0AD-43CC-82DF-CB2EAE2C532A}.Release|x64.Build.0 = Release|x64
		{97216609-435C-45D0-AF00-C8A01D55FAA1}.Debug|Win32.ActiveCfg = Debug|Win32
		{97216609-435C-45D0-AF00-C8A01D55FAA1}.Debug|Win32.Build.0 = Debug|Win32
		{97216609-435C-45D0-AF00-C8A01D55FAA1}.Debug|x64.ActiveCfg = Debug|x64
		{97216609-435C-45D0-AF00-C8A01D55FAA1}.Debug|x64.Build.0 = Debug|x64
		{97216609-435C-45D0-AF00-C8A01D55FAA1}.Release|Win32.ActiveCfg = Release|Win32
		{97216609-435C-45D0-AF00-C8A01D55FAA1}.Release|Win32.Build.0 = Release|Win32
		{97216609-435C-45D0-AF00-C8A01D55FAA1}.Release|x64.ActiveCfg = Release|x64
		{97216609-435C-45D0-AF00-C8A01D55FAA1}.Release|x64.Build.0 = Release|x64
		{A30CE583-52BA-4D89-8182-4867D8CD1987}.Debug|Win32.ActiveCfg = Debug|Win32
		{A30CE583-52BA-4D89-8182-4867D8CD1987}.Debug|Win32.Build.0 = Debug|Win32
		{A30CE583-52BA-4D89-8182-4867D8CD1987}.Debug|x64.ActiveCfg = Debug|x64
		{A30CE583-52BA-4D89-8182-4867D8CD1987}.Debug|x64.Build.0 = Debug|x64
		{A30CE583-52BA-4D89-8182-4867D8CD1987}.Release|Win32.ActiveCfg = Release|Win32
		{A30CE583-52BA-4D89-8182-4867D8CD1987}.Release|Win32.Build.0 = Release|Win32
		{A30CE583-52BA-4D89-8182-4867D8CD1987}.Release|x64.ActiveCfg = Release|x64
		{A30CE583-52BA-4D89-8182-4867D8CD1987}.Release|x64.Build.0 = Release|x64
		{A6A034EB-4B56-47F3-9892-C25A42D0D157}.Debug|Win32.ActiveCfg = Debug|Win32
		{A6A034EB-4B56-47F3-9892-C25A42D0D157}.Debug|Win32.Build.0 = Debug|Win32
		{A6A034EB-4B56-47F3-9892-C25A42D0D157}.Debug|x64.ActiveCfg = Debug|x64
		{A6A034EB-4B56-47F3-9892-C25A42D0D157}.Debug|x64.Build.0 = Debug|x64
		{A6A034EB-4B56-47F3-9892-C25A42D0D157}.Release|Win32.ActiveCfg = Release|Win32
		{A6A034EB-4B56-47F3-9892-C25A42D0D157}.Release|Win32.Build.0 = Release|Win32
		{A6A034EB-4B56-47F3-9892-C25A42D0D157}.Release|x64.ActiveCfg = Release|x64
		{A6A034EB-4B56-47F3-9892-C25A42D0D157}.Release|x64.Build.0 = Release|x64
		{4FFBB627-A337-463A-9112-39E849CD68FE}.Debug|Win32.ActiveCfg = Debug|Win32
		{4FFBB627-A337-463A-9112-39E849CD68FE}.Debug|Win32.Build.0 = Debug|Win32
		{4FFBB627-A337-463A-9112-39E849CD68FE}.Debug|x64.ActiveCfg = Debug|x64
		{4FFBB627-A337-463A-9112-39E849CD68FE}.Debug|x64.Build.0 = Debug|x64
		{4FFBB627-A337-463A-9112-39E849CD68FE}.Release|Win32.ActiveCfg = Release|Win32
		{4FFBB627-A337-463A-9112-39E849CD68FE}.Release|Win32.Build.0 = Release|Win32
		{4FFBB627-A337-463A-9112-39E849CD68FE}.Release|x64.ActiveCfg = Release|x64
		{4FFBB627-A337-463A-9112-39E849CD68FE}.Release|x64.Build.0 = Release|x64
		{AB2627ED-27A5-403A-BBF9-34201E40F9D0}.Debug|Win32.ActiveCfg = Debug|Win32
		{AB2627ED-27A5-403A-BBF9-34201E40F9D0}.Debug|Win32.Build.0 = Debug|Win32
		{AB2627ED-27A5-403A-BBF9-34201E40F9D0}.Debug|x64.ActiveCfg = Debug|x64
		{AB2627ED-27A5-403A-BBF9-34201E40F9D0}.Debug|x64.Build.0 = Debug|x64
		{AB2627ED-27A5-403A-BBF9-34201E40F9D0}.Release|Win32.ActiveCfg = Release|Win32
		{AB2627ED-27A5-403A-BBF9-34201E40F9D0}.Release|Win32.Build.0 = Release|Win32
		{AB2627ED-27A5-403A-BBF9-34201E40F9D0}.Release|x64.ActiveCfg = Release|x64
		{AB2627ED-27A5-403A-BBF9-34201E40F9D0}.Release|x64.Build.0 = Release|x64
		{D41558C3-FAEF-4F86-9AB2-021056028FF0}.Debug|Win32.ActiveCfg = Debug|Win32
		{D41558C3-FAEF-4F86-9AB2-021056028FF0}.Debug|Win32.Build.0 = Debug|Win32
		{D41558C3-FAEF-4F86-9AB2-021056028FF0}.Debug|x64.ActiveCfg = Debug|x64
		{D41558C3-FAEF-4F86-9AB2-021056028FF0}.Debug|x64.Build.0 = Debug|x64
		{D41558C3-FAEF-4F86-9AB2-021056028FF0}.Release|Win32.ActiveCfg = Release|Win32
		{D41558C3-FAEF-4F86-9AB2-021056028FF0}.Release|Win32.Build.0 = Release|Win32
		{D41558C3-FAEF-4F86-9AB2-021056028FF0}.Release|x64.ActiveCfg = Release|x64
		{D41558C3-FAEF-4F86-9AB2-021056028FF0}.Release|x64.Build.0 = Release|x64
		{1E68B293-C141-416E-AC98-4B8813F318A3}.Debug|Win32.ActiveCfg = Debug|Win32
		{1E68B293-C141-416E-AC98-4B8813F318A3}.Debug|Win32.Build.0 = Debug|Win32
		{1E68B293-C141-416E-AC98-4B8813F318A3}.Debug|x64.ActiveCfg = Debug|x64
		{1E68B293-C141-416E-AC98-4B8813F318A3}.Debug|x64.Build.0 = Debug|x64
		{1E68B293-C141-416E-AC98-4B8813F318A3}.Release|Win32.ActiveCfg = Release|Win32
		{1E68B293-C141-416E-AC98-4B8813F318A3}.Release|Win32.Build.0 = Release|Win32
		{1E68B293-C141-416E-AC98-4B8813F318A3}.Release|x64.ActiveCfg = Release|x64
		{1E68B293-C141-416E-AC98-4B8813F318A3}.Release|x64.Build.0 = Release|x64
		{1FF316A2-DDFC-4B73-821B-50D00B465337}.Debug|Win32.ActiveCfg = Debug|Win32
		{1FF316A2-DDFC-4B73-821B-50D00B465337}.Debug|Win32.Build.0 = Debug|Win32
		{1FF316A2-DDFC-4B73-821B-50D00B465337}.Debug|x64.ActiveCfg = Debug|x64
		{1FF316A2-DDFC-4B73-821B-50D00B465337}.Debug|x64.Build.0 = Debug|x64
		{1FF316A2-DDFC-4B73-821B-50D00B465337}.Release|Win32.ActiveCfg = Release|Win32
		{1FF316A2-DDFC-4B73-821B-50D00B465337}.Release|Win32.Build.0 = Release|Win32
		{1FF316A2-DDFC-4B73-821B-50D00B465337}.Release|x64.ActiveCfg = Release|x64
		{1FF316A2-DDFC-4B73-821B-50D00B465337}.Release|x64.Build.0 = Release|x64
	EndGlobalSection
	GlobalSection(SolutionProperties) = preSolution
		HideSolutionNode = FALSE
	EndGlobalSection
EndGlobal
